PODS:
  - BSImagePicker (3.3.1)
  - Flutter (1.0.0)
  - multi_image_picker_plus (0.0.1):
    - BSImagePicker (~> 3.1)
    - Flutter
  - permission_handler_apple (9.3.0):
    - Flutter

DEPENDENCIES:
  - Flutter (from `Flutter`)
  - multi_image_picker_plus (from `.symlinks/plugins/multi_image_picker_plus/ios`)
  - permission_handler_apple (from `.symlinks/plugins/permission_handler_apple/ios`)

SPEC REPOS:
  trunk:
    - BSImagePicker

EXTERNAL SOURCES:
  Flutter:
    :path: Flutter
  multi_image_picker_plus:
    :path: ".symlinks/plugins/multi_image_picker_plus/ios"
  permission_handler_apple:
    :path: ".symlinks/plugins/permission_handler_apple/ios"

SPEC CHECKSUMS:
  BSImagePicker: 0fe04b574d4d6b81093785d2af6c26227efc8428
  Flutter: e0871f40cf51350855a761d2e70bf5af5b9b5de7
  multi_image_picker_plus: a218b3d4e65df3fa16c887d077d26b6e0bb3572d
  permission_handler_apple: 4ed2196e43d0651e8ff7ca3483a069d469701f2d

PODFILE CHECKSUM: 4e8f8b2be68aeea4c0d5beb6ff1e79fface1d048

COCOAPODS: 1.16.2
